{
  "name": "lit-html-demos",
  "version": "0.0.1",
  "lockfileVersion": 1,
  "requires": true,
  "dependencies": {
    "image-promise": {
      "version": "5.0.1",
      "resolved": "https://artifactory.ing.net/artifactory/api/npm/releases_npm_all/image-promise/-/image-promise-5.0.1.tgz",
      "integrity": "sha1-9oANlLM/FHYgJAnmk2D0bgbWuqY="
    },
    "lit-html": {
      "version": "0.6.0",
      "resolved": "https://artifactory.ing.net/artifactory/api/npm/releases_npm_all/lit-html/-/lit-html-0.6.0.tgz",
      "integrity": "sha1-PXVupn9tDKwcDnjvnlLUM1GYtyg="
    }
  }
}
